
Microsoft Visual Studio Solution File, Format Version 12.00
# Visual Studio 15
VisualStudioVersion = 15.0.28307.572
MinimumVisualStudioVersion = 10.0.40219.1
Project("{9092AA53-FB77-4645-B42D-1CCCA6BD08BD}") = "RuiJi.Scraper", "RuiJi.Scraper.njsproj", "{17251778-605E-490B-9AEF-F25DE44617E0}"
EndProject
Global
	GlobalSection(SolutionConfigurationPlatforms) = preSolution
		Debug|Any CPU = Debug|Any CPU
		Release|Any CPU = Release|Any CPU
	EndGlobalSection
	GlobalSection(ProjectConfigurationPlatforms) = postSolution
		{17251778-605E-490B-9AEF-F25DE44617E0}.Debug|Any CPU.ActiveCfg = Debug|Any CPU
		{17251778-605E-490B-9AEF-F25DE44617E0}.Debug|Any CPU.Build.0 = Debug|Any CPU
		{17251778-605E-490B-9AEF-F25DE44617E0}.Release|Any CPU.ActiveCfg = Release|Any CPU
		{17251778-605E-490B-9AEF-F25DE44617E0}.Release|Any CPU.Build.0 = Release|Any CPU
	EndGlobalSection
	GlobalSection(SolutionProperties) = preSolution
		HideSolutionNode = FALSE
	EndGlobalSection
	GlobalSection(ExtensibilityGlobals) = postSolution
		SolutionGuid = {C7123EA5-6421-46B5-8F82-A1A2CF65C02B}
	EndGlobalSection
EndGlobal
